
Microsoft Visual Studio Solution File, Format Version 12.00
# Visual Studio Version 16
VisualStudioVersion = 16.0.29215.179
MinimumVisualStudioVersion = 10.0.40219.1
Project("{FAE04EC0-301F-11D3-BF4B-00C04F79EFBC}") = "TutorAppBkend", "TutorAppBkend\TutorAppBkend.csproj", "{84FC93E0-8720-4C92-867E-B4D2D9B9E2E4}"
EndProject
Global
	GlobalSection(SolutionConfigurationPlatforms) = preSolution
		Debug|Any CPU = Debug|Any CPU
		Release|Any CPU = Release|Any CPU
	EndGlobalSection
	GlobalSection(ProjectConfigurationPlatforms) = postSolution
		{84FC93E0-8720-4C92-867E-B4D2D9B9E2E4}.Debug|Any CPU.ActiveCfg = Debug|Any CPU
		{84FC93E0-8720-4C92-867E-B4D2D9B9E2E4}.Debug|Any CPU.Build.0 = Debug|Any CPU
		{84FC93E0-8720-4C92-867E-B4D2D9B9E2E4}.Release|Any CPU.ActiveCfg = Release|Any CPU
		{84FC93E0-8720-4C92-867E-B4D2D9B9E2E4}.Release|Any CPU.Build.0 = Release|Any CPU
	EndGlobalSection
	GlobalSection(SolutionProperties) = preSolution
		HideSolutionNode = FALSE
	EndGlobalSection
	GlobalSection(ExtensibilityGlobals) = postSolution
		SolutionGuid = {14A30027-8FA6-42D2-B6F2-4B15EC6D5EA5}
	EndGlobalSection
EndGlobal
